{
    "_readme": [
        "This file locks the dependencies of your project to a known state",
        "Read more about it at http://getcomposer.org/doc/01-basic-usage.md#composer-lock-the-lock-file"
    ],
    "hash": "807dc348005583e54398b54a26b4ccdf",
    "packages": [
        {
            "name": "hyperthese/php-serial",
            "version": "dev-develop",
            "source": {
                "type": "git",
                "url": "https://github.com/Xowap/PHP-Serial.git",
                "reference": "e37668a0bfa688eda48509b6ba5639558e592ac4"
            },
            "dist": {
                "type": "zip",
                "url": "https://api.github.com/repos/Xowap/PHP-Serial/zipball/e37668a0bfa688eda48509b6ba5639558e592ac4",
                "reference": "e37668a0bfa688eda48509b6ba5639558e592ac4",
                "shasum": ""
            },
            "type": "library",
            "extra": {
                "branch-alias": {
                    "dev-develop": "1.0.x-dev"
                }
            },
            "autoload": {
                "classmap": [
                    "src/"
                ]
            },
            "notification-url": "https://packagist.org/downloads/",
            "license": [
                "GNU GPLv2"
            ],
            "authors": [
                {
                    "name": "Rémy Sanchez",
                    "email": "remy.sanchez@hyperthese.net"
                }
            ],
            "description": "Multi-platform serial port access convenience class",
            "time": "2014-02-21 00:23:26"
        },
        {
            "name": "mdlayher/serial",
            "version": "dev-master",
            "source": {
                "type": "git",
                "url": "https://github.com/mdlayher/serial.git",
                "reference": "557c90d80cb4971ca2d59ba9d531b91fb1abbcd4"
            },
            "dist": {
                "type": "zip",
                "url": "https://api.github.com/repos/mdlayher/serial/zipball/557c90d80cb4971ca2d59ba9d531b91fb1abbcd4",
                "reference": "557c90d80cb4971ca2d59ba9d531b91fb1abbcd4",
                "shasum": ""
            },
            "require": {
                "ext-dio": "*",
                "php": ">=5.3.0"
            },
            "type": "library",
            "autoload": {
                "psr-0": {
                    "serial": "src/"
                }
            },
            "notification-url": "https://packagist.org/downloads/",
            "license": [
                "MIT"
            ],
            "authors": [
                {
                    "name": "Matt Layher",
                    "email": "mdlayher@gmail.com",
                    "homepage": "http://mdlayher.com/"
                }
            ],
            "description": "PHP class utilizing Direct IO to interact with a RS232 serial port",
            "homepage": "https://github.com/mdlayher/serial",
            "keywords": [
                "dio",
                "rs232",
                "serial"
            ],
            "time": "2013-03-14 18:23:20"
        },
        {
            "name": "symfony/console",
            "version": "dev-master",
            "target-dir": "Symfony/Component/Console",
            "source": {
                "type": "git",
                "url": "https://github.com/symfony/Console.git",
                "reference": "50be4f30d0a93404e5d62b05fd7294492cf64c4f"
            },
            "dist": {
                "type": "zip",
                "url": "https://api.github.com/repos/symfony/Console/zipball/50be4f30d0a93404e5d62b05fd7294492cf64c4f",
                "reference": "50be4f30d0a93404e5d62b05fd7294492cf64c4f",
                "shasum": ""
            },
            "require": {
                "php": ">=5.3.3"
            },
            "require-dev": {
                "psr/log": "~1.0",
                "symfony/event-dispatcher": "~2.1"
            },
            "suggest": {
                "psr/log": "For using the console logger",
                "symfony/event-dispatcher": ""
            },
            "type": "library",
            "extra": {
                "branch-alias": {
                    "dev-master": "2.5-dev"
                }
            },
            "autoload": {
                "psr-0": {
                    "Symfony\\Component\\Console\\": ""
                }
            },
            "notification-url": "https://packagist.org/downloads/",
            "license": [
                "MIT"
            ],
            "authors": [
                {
                    "name": "Fabien Potencier",
                    "email": "fabien@symfony.com",
                    "homepage": "http://fabien.potencier.org",
                    "role": "Lead Developer"
                },
                {
                    "name": "Symfony Community",
                    "homepage": "http://symfony.com/contributors"
                }
            ],
            "description": "Symfony Console Component",
            "homepage": "http://symfony.com",
            "time": "2014-05-15 08:56:35"
        }
    ],
    "packages-dev": [],
    "aliases": [],
    "minimum-stability": "stable",
    "stability-flags": {
        "hyperthese/php-serial": 20,
        "mdlayher/serial": 20,
        "symfony/console": 20
    },
    "platform": {
        "php": ">=5.3.0"
    },
    "platform-dev": []
}
